
Microsoft Visual Studio Solution File, Format Version 12.00
# Visual Studio Version 16
VisualStudioVersion = 16.0.31624.102
MinimumVisualStudioVersion = 10.0.40219.1
Project("{FAE04EC0-301F-11D3-BF4B-00C04F79EFBC}") = "MyClassLibrary", "MyClassLibrary\MyClassLibrary.csproj", "{890A89F8-DA9E-40BB-BB1F-BF8AEDB8096C}"
EndProject
Project("{9A19103F-16F7-4668-BE54-9A1E7A4F7556}") = "WpfGebruiker", "WpfGebruiker\WpfGebruiker.csproj", "{7321A298-91EA-4A31-BB44-95CF3C805D15}"
EndProject
Project("{FAE04EC0-301F-11D3-BF4B-00C04F79EFBC}") = "WpfAdmin", "WpfAdmin\WpfAdmin.csproj", "{759EBE66-595D-4BE6-A5AA-299E15D095D1}"
EndProject
Global
	GlobalSection(SolutionConfigurationPlatforms) = preSolution
		Debug|Any CPU = Debug|Any CPU
		Release|Any CPU = Release|Any CPU
	EndGlobalSection
	GlobalSection(ProjectConfigurationPlatforms) = postSolution
		{890A89F8-DA9E-40BB-BB1F-BF8AEDB8096C}.Debug|Any CPU.ActiveCfg = Debug|Any CPU
		{890A89F8-DA9E-40BB-BB1F-BF8AEDB8096C}.Debug|Any CPU.Build.0 = Debug|Any CPU
		{890A89F8-DA9E-40BB-BB1F-BF8AEDB8096C}.Release|Any CPU.ActiveCfg = Release|Any CPU
		{890A89F8-DA9E-40BB-BB1F-BF8AEDB8096C}.Release|Any CPU.Build.0 = Release|Any CPU
		{7321A298-91EA-4A31-BB44-95CF3C805D15}.Debug|Any CPU.ActiveCfg = Debug|Any CPU
		{7321A298-91EA-4A31-BB44-95CF3C805D15}.Debug|Any CPU.Build.0 = Debug|Any CPU
		{7321A298-91EA-4A31-BB44-95CF3C805D15}.Release|Any CPU.ActiveCfg = Release|Any CPU
		{7321A298-91EA-4A31-BB44-95CF3C805D15}.Release|Any CPU.Build.0 = Release|Any CPU
		{759EBE66-595D-4BE6-A5AA-299E15D095D1}.Debug|Any CPU.ActiveCfg = Debug|Any CPU
		{759EBE66-595D-4BE6-A5AA-299E15D095D1}.Debug|Any CPU.Build.0 = Debug|Any CPU
		{759EBE66-595D-4BE6-A5AA-299E15D095D1}.Release|Any CPU.ActiveCfg = Release|Any CPU
		{759EBE66-595D-4BE6-A5AA-299E15D095D1}.Release|Any CPU.Build.0 = Release|Any CPU
	EndGlobalSection
	GlobalSection(SolutionProperties) = preSolution
		HideSolutionNode = FALSE
	EndGlobalSection
	GlobalSection(ExtensibilityGlobals) = postSolution
		SolutionGuid = {8887D03D-C864-4192-8634-D35FD030F7B5}
	EndGlobalSection
EndGlobal
